
Microsoft Visual Studio Solution File, Format Version 12.00
# Visual Studio Version 16
VisualStudioVersion = 16.0.29728.190
MinimumVisualStudioVersion = 10.0.40219.1
Project("{FAE04EC0-301F-11D3-BF4B-00C04F79EFBC}") = "Searching", "Searching\Searching.csproj", "{26070722-B9D1-4F4F-89E3-EAE7BBCE2512}"
EndProject
Global
	GlobalSection(SolutionConfigurationPlatforms) = preSolution
		Debug|Any CPU = Debug|Any CPU
		Release|Any CPU = Release|Any CPU
	EndGlobalSection
	GlobalSection(ProjectConfigurationPlatforms) = postSolution
		{26070722-B9D1-4F4F-89E3-EAE7BBCE2512}.Debug|Any CPU.ActiveCfg = Debug|Any CPU
		{26070722-B9D1-4F4F-89E3-EAE7BBCE2512}.Debug|Any CPU.Build.0 = Debug|Any CPU
		{26070722-B9D1-4F4F-89E3-EAE7BBCE2512}.Release|Any CPU.ActiveCfg = Release|Any CPU
		{26070722-B9D1-4F4F-89E3-EAE7BBCE2512}.Release|Any CPU.Build.0 = Release|Any CPU
	EndGlobalSection
	GlobalSection(SolutionProperties) = preSolution
		HideSolutionNode = FALSE
	EndGlobalSection
	GlobalSection(ExtensibilityGlobals) = postSolution
		SolutionGuid = {D3CDE705-3899-491C-B361-2B3BCD96B552}
	EndGlobalSection
EndGlobal
