
Microsoft Visual Studio Solution File, Format Version 12.00
# Visual Studio Version 16
VisualStudioVersion = 16.0.29728.190
MinimumVisualStudioVersion = 10.0.40219.1
Project("{FAE04EC0-301F-11D3-BF4B-00C04F79EFBC}") = "Sorting", "Sorting\Sorting.csproj", "{6996ED21-93C2-49FD-886E-BB69ABBD801F}"
EndProject
Global
	GlobalSection(SolutionConfigurationPlatforms) = preSolution
		Debug|Any CPU = Debug|Any CPU
		Release|Any CPU = Release|Any CPU
	EndGlobalSection
	GlobalSection(ProjectConfigurationPlatforms) = postSolution
		{6996ED21-93C2-49FD-886E-BB69ABBD801F}.Debug|Any CPU.ActiveCfg = Debug|Any CPU
		{6996ED21-93C2-49FD-886E-BB69ABBD801F}.Debug|Any CPU.Build.0 = Debug|Any CPU
		{6996ED21-93C2-49FD-886E-BB69ABBD801F}.Release|Any CPU.ActiveCfg = Release|Any CPU
		{6996ED21-93C2-49FD-886E-BB69ABBD801F}.Release|Any CPU.Build.0 = Release|Any CPU
	EndGlobalSection
	GlobalSection(SolutionProperties) = preSolution
		HideSolutionNode = FALSE
	EndGlobalSection
	GlobalSection(ExtensibilityGlobals) = postSolution
		SolutionGuid = {6A58BAF0-C552-4F8D-A730-AC92D6F7049A}
	EndGlobalSection
EndGlobal
